
Microsoft Visual Studio Solution File, Format Version 12.00
# Visual Studio Version 16
VisualStudioVersion = 16.0.30114.105
MinimumVisualStudioVersion = 10.0.40219.1
Project("{FAE04EC0-301F-11D3-BF4B-00C04F79EFBC}") = "API", "API\API.csproj", "{2FCA80E6-7334-456C-8D5C-04113D01FB92}"
EndProject
Project("{FAE04EC0-301F-11D3-BF4B-00C04F79EFBC}") = "Application", "Application\Application.csproj", "{714D5F75-7564-4A7F-BE3C-13F897D613B8}"
EndProject
Project("{FAE04EC0-301F-11D3-BF4B-00C04F79EFBC}") = "Persistence", "Persistence\Persistence.csproj", "{30A19848-BB29-48F2-8D6A-760F6C39B8EC}"
EndProject
Project("{FAE04EC0-301F-11D3-BF4B-00C04F79EFBC}") = "Domain", "Domain\Domain.csproj", "{21C5D277-B66D-49B0-9A87-BBA556A644B0}"
EndProject
Global
	GlobalSection(SolutionConfigurationPlatforms) = preSolution
		Debug|Any CPU = Debug|Any CPU
		Release|Any CPU = Release|Any CPU
	EndGlobalSection
	GlobalSection(SolutionProperties) = preSolution
		HideSolutionNode = FALSE
	EndGlobalSection
	GlobalSection(ProjectConfigurationPlatforms) = postSolution
		{2FCA80E6-7334-456C-8D5C-04113D01FB92}.Debug|Any CPU.ActiveCfg = Debug|Any CPU
		{2FCA80E6-7334-456C-8D5C-04113D01FB92}.Debug|Any CPU.Build.0 = Debug|Any CPU
		{2FCA80E6-7334-456C-8D5C-04113D01FB92}.Release|Any CPU.ActiveCfg = Release|Any CPU
		{2FCA80E6-7334-456C-8D5C-04113D01FB92}.Release|Any CPU.Build.0 = Release|Any CPU
		{714D5F75-7564-4A7F-BE3C-13F897D613B8}.Debug|Any CPU.ActiveCfg = Debug|Any CPU
		{714D5F75-7564-4A7F-BE3C-13F897D613B8}.Debug|Any CPU.Build.0 = Debug|Any CPU
		{714D5F75-7564-4A7F-BE3C-13F897D613B8}.Release|Any CPU.ActiveCfg = Release|Any CPU
		{714D5F75-7564-4A7F-BE3C-13F897D613B8}.Release|Any CPU.Build.0 = Release|Any CPU
		{30A19848-BB29-48F2-8D6A-760F6C39B8EC}.Debug|Any CPU.ActiveCfg = Debug|Any CPU
		{30A19848-BB29-48F2-8D6A-760F6C39B8EC}.Debug|Any CPU.Build.0 = Debug|Any CPU
		{30A19848-BB29-48F2-8D6A-760F6C39B8EC}.Release|Any CPU.ActiveCfg = Release|Any CPU
		{30A19848-BB29-48F2-8D6A-760F6C39B8EC}.Release|Any CPU.Build.0 = Release|Any CPU
		{21C5D277-B66D-49B0-9A87-BBA556A644B0}.Debug|Any CPU.ActiveCfg = Debug|Any CPU
		{21C5D277-B66D-49B0-9A87-BBA556A644B0}.Debug|Any CPU.Build.0 = Debug|Any CPU
		{21C5D277-B66D-49B0-9A87-BBA556A644B0}.Release|Any CPU.ActiveCfg = Release|Any CPU
		{21C5D277-B66D-49B0-9A87-BBA556A644B0}.Release|Any CPU.Build.0 = Release|Any CPU
	EndGlobalSection
EndGlobal
